// !$*UTF8*$!
{
	archiveVersion = 1;
	classes = {
	};
	objectVersion = 55;
	objects = {

/* Begin PBXBuildFile section */
		B79326CF291308B600AAD916 /* CookBookApp.swift in Sources */ = {isa = PBXBuildFile; fileRef = B79326CE291308B600AAD916 /* CookBookApp.swift */; };
		B79326D3291308BB00AAD916 /* Assets.xcassets in Resources */ = {isa = PBXBuildFile; fileRef = B79326D2291308BB00AAD916 /* Assets.xcassets */; };
		B79326D6291308BB00AAD916 /* Preview Assets.xcassets in Resources */ = {isa = PBXBuildFile; fileRef = B79326D5291308BB00AAD916 /* Preview Assets.xcassets */; };
		B79326E22913094900AAD916 /* recipes.json in Resources */ = {isa = PBXBuildFile; fileRef = B79326E12913094900AAD916 /* recipes.json */; };
		B79326E529130A2200AAD916 /* DataService.swift in Sources */ = {isa = PBXBuildFile; fileRef = B79326E429130A2200AAD916 /* DataService.swift */; };
		B79326E729130A4200AAD916 /* Recipe.swift in Sources */ = {isa = PBXBuildFile; fileRef = B79326E629130A4200AAD916 /* Recipe.swift */; };
		B79326E929130A6800AAD916 /* RecipeModel.swift in Sources */ = {isa = PBXBuildFile; fileRef = B79326E829130A6800AAD916 /* RecipeModel.swift */; };
		B79326EB29130ADA00AAD916 /* RecipeHighlights.swift in Sources */ = {isa = PBXBuildFile; fileRef = B79326EA29130ADA00AAD916 /* RecipeHighlights.swift */; };
		B79326ED29130B0400AAD916 /* RecipeDetailView.swift in Sources */ = {isa = PBXBuildFile; fileRef = B79326EC29130B0400AAD916 /* RecipeDetailView.swift */; };
		B79326EF29130B4200AAD916 /* RecipeFeaturedView.swift in Sources */ = {isa = PBXBuildFile; fileRef = B79326EE29130B4200AAD916 /* RecipeFeaturedView.swift */; };
		B79326F129130B6000AAD916 /* RecipeListView.swift in Sources */ = {isa = PBXBuildFile; fileRef = B79326F029130B6000AAD916 /* RecipeListView.swift */; };
		B79326F329130B8100AAD916 /* RecipeTabView.swift in Sources */ = {isa = PBXBuildFile; fileRef = B79326F229130B8100AAD916 /* RecipeTabView.swift */; };
		B79326F629130CA400AAD916 /* Rational.swift in Sources */ = {isa = PBXBuildFile; fileRef = B79326F529130CA400AAD916 /* Rational.swift */; };
/* End PBXBuildFile section */

/* Begin PBXFileReference section */
		B79326CB291308B600AAD916 /* CookBook.app */ = {isa = PBXFileReference; explicitFileType = wrapper.application; includeInIndex = 0; path = CookBook.app; sourceTree = BUILT_PRODUCTS_DIR; };
		B79326CE291308B600AAD916 /* CookBookApp.swift */ = {isa = PBXFileReference; lastKnownFileType = sourcecode.swift; path = CookBookApp.swift; sourceTree = "<group>"; };
		B79326D2291308BB00AAD916 /* Assets.xcassets */ = {isa = PBXFileReference; lastKnownFileType = folder.assetcatalog; path = Assets.xcassets; sourceTree = "<group>"; };
		B79326D5291308BB00AAD916 /* Preview Assets.xcassets */ = {isa = PBXFileReference; lastKnownFileType = folder.assetcatalog; path = "Preview Assets.xcassets"; sourceTree = "<group>"; };
		B79326E12913094900AAD916 /* recipes.json */ = {isa = PBXFileReference; lastKnownFileType = text.json; path = recipes.json; sourceTree = "<group>"; };
		B79326E429130A2200AAD916 /* DataService.swift */ = {isa = PBXFileReference; lastKnownFileType = sourcecode.swift; path = DataService.swift; sourceTree = "<group>"; };
		B79326E629130A4200AAD916 /* Recipe.swift */ = {isa = PBXFileReference; lastKnownFileType = sourcecode.swift; path = Recipe.swift; sourceTree = "<group>"; };
		B79326E829130A6800AAD916 /* RecipeModel.swift */ = {isa = PBXFileReference; lastKnownFileType = sourcecode.swift; path = RecipeModel.swift; sourceTree = "<group>"; };
		B79326EA29130ADA00AAD916 /* RecipeHighlights.swift */ = {isa = PBXFileReference; lastKnownFileType = sourcecode.swift; path = RecipeHighlights.swift; sourceTree = "<group>"; };
		B79326EC29130B0400AAD916 /* RecipeDetailView.swift */ = {isa = PBXFileReference; lastKnownFileType = sourcecode.swift; path = RecipeDetailView.swift; sourceTree = "<group>"; };
		B79326EE29130B4200AAD916 /* RecipeFeaturedView.swift */ = {isa = PBXFileReference; lastKnownFileType = sourcecode.swift; path = RecipeFeaturedView.swift; sourceTree = "<group>"; };
		B79326F029130B6000AAD916 /* RecipeListView.swift */ = {isa = PBXFileReference; lastKnownFileType = sourcecode.swift; path = RecipeListView.swift; sourceTree = "<group>"; };
		B79326F229130B8100AAD916 /* RecipeTabView.swift */ = {isa = PBXFileReference; lastKnownFileType = sourcecode.swift; path = RecipeTabView.swift; sourceTree = "<group>"; };
		B79326F529130CA400AAD916 /* Rational.swift */ = {isa = PBXFileReference; lastKnownFileType = sourcecode.swift; path = Rational.swift; sourceTree = "<group>"; };
/* End PBXFileReference section */

/* Begin PBXFrameworksBuildPhase section */
		B79326C8291308B600AAD916 /* Frameworks */ = {
			isa = PBXFrameworksBuildPhase;
			buildActionMask = 2147483647;
			files = (
			);
			runOnlyForDeploymentPostprocessing = 0;
		};
/* End PBXFrameworksBuildPhase section */

/* Begin PBXGroup section */
		B79326C2291308B600AAD916 = {
			isa = PBXGroup;
			children = (
				B79326CD291308B600AAD916 /* CookBook */,
				B79326CC291308B600AAD916 /* Products */,
			);
			sourceTree = "<group>";
		};
		B79326CC291308B600AAD916 /* Products */ = {
			isa = PBXGroup;
			children = (
				B79326CB291308B600AAD916 /* CookBook.app */,
			);
			name = Products;
			sourceTree = "<group>";
		};
		B79326CD291308B600AAD916 /* CookBook */ = {
			isa = PBXGroup;
			children = (
				B79326CE291308B600AAD916 /* CookBookApp.swift */,
				B79326DC291308E300AAD916 /* Views */,
				B79326DD291308EC00AAD916 /* ViewModels */,
				B79326DE291308F300AAD916 /* Models */,
				B79326E32913098100AAD916 /* Services */,
				B79326E02913090000AAD916 /* Data */,
				B79326F429130C8A00AAD916 /* Utilities */,
				B79326D2291308BB00AAD916 /* Assets.xcassets */,
				B79326D4291308BB00AAD916 /* Preview Content */,
			);
			path = CookBook;
			sourceTree = "<group>";
		};
		B79326D4291308BB00AAD916 /* Preview Content */ = {
			isa = PBXGroup;
			children = (
				B79326D5291308BB00AAD916 /* Preview Assets.xcassets */,
			);
			path = "Preview Content";
			sourceTree = "<group>";
		};
		B79326DC291308E300AAD916 /* Views */ = {
			isa = PBXGroup;
			children = (
				B79326F229130B8100AAD916 /* RecipeTabView.swift */,
				B79326F029130B6000AAD916 /* RecipeListView.swift */,
				B79326EE29130B4200AAD916 /* RecipeFeaturedView.swift */,
				B79326EC29130B0400AAD916 /* RecipeDetailView.swift */,
				B79326EA29130ADA00AAD916 /* RecipeHighlights.swift */,
			);
			path = Views;
			sourceTree = "<group>";
		};
		B79326DD291308EC00AAD916 /* ViewModels */ = {
			isa = PBXGroup;
			children = (
				B79326E829130A6800AAD916 /* RecipeModel.swift */,
			);
			path = ViewModels;
			sourceTree = "<group>";
		};
		B79326DE291308F300AAD916 /* Models */ = {
			isa = PBXGroup;
			children = (
				B79326E629130A4200AAD916 /* Recipe.swift */,
			);
			path = Models;
			sourceTree = "<group>";
		};
		B79326E02913090000AAD916 /* Data */ = {
			isa = PBXGroup;
			children = (
				B79326E12913094900AAD916 /* recipes.json */,
			);
			path = Data;
			sourceTree = "<group>";
		};
		B79326E32913098100AAD916 /* Services */ = {
			isa = PBXGroup;
			children = (
				B79326E429130A2200AAD916 /* DataService.swift */,
			);
			path = Services;
			sourceTree = "<group>";
		};
		B79326F429130C8A00AAD916 /* Utilities */ = {
			isa = PBXGroup;
			children = (
				B79326F529130CA400AAD916 /* Rational.swift */,
			);
			path = Utilities;
			sourceTree = "<group>";
		};
/* End PBXGroup section */

/* Begin PBXNativeTarget section */
		B79326CA291308B600AAD916 /* CookBook */ = {
			isa = PBXNativeTarget;
			buildConfigurationList = B79326D9291308BB00AAD916 /* Build configuration list for PBXNativeTarget "CookBook" */;
			buildPhases = (
				B79326C7291308B600AAD916 /* Sources */,
				B79326C8291308B600AAD916 /* Frameworks */,
				B79326C9291308B600AAD916 /* Resources */,
			);
			buildRules = (
			);
			dependencies = (
			);
			name = CookBook;
			productName = CookBook;
			productReference = B79326CB291308B600AAD916 /* CookBook.app */;
			productType = "com.apple.product-type.application";
		};
/* End PBXNativeTarget section */

/* Begin PBXProject section */
		B79326C3291308B600AAD916 /* Project object */ = {
			isa = PBXProject;
			attributes = {
				BuildIndependentTargetsInParallel = 1;
				LastSwiftUpdateCheck = 1340;
				LastUpgradeCheck = 1340;
				TargetAttributes = {
					B79326CA291308B600AAD916 = {
						CreatedOnToolsVersion = 13.4.1;
					};
				};
			};
			buildConfigurationList = B79326C6291308B600AAD916 /* Build configuration list for PBXProject "CookBook" */;
			compatibilityVersion = "Xcode 13.0";
			developmentRegion = en;
			hasScannedForEncodings = 0;
			knownRegions = (
				en,
				Base,
			);
			mainGroup = B79326C2291308B600AAD916;
			productRefGroup = B79326CC291308B600AAD916 /* Products */;
			projectDirPath = "";
			projectRoot = "";
			targets = (
				B79326CA291308B600AAD916 /* CookBook */,
			);
		};
/* End PBXProject section */

/* Begin PBXResourcesBuildPhase section */
		B79326C9291308B600AAD916 /* Resources */ = {
			isa = PBXResourcesBuildPhase;
			buildActionMask = 2147483647;
			files = (
				B79326D6291308BB00AAD916 /* Preview Assets.xcassets in Resources */,
				B79326E22913094900AAD916 /* recipes.json in Resources */,
				B79326D3291308BB00AAD916 /* Assets.xcassets in Resources */,
			);
			runOnlyForDeploymentPostprocessing = 0;
		};
/* End PBXResourcesBuildPhase section */

/* Begin PBXSourcesBuildPhase section */
		B79326C7291308B600AAD916 /* Sources */ = {
			isa = PBXSourcesBuildPhase;
			buildActionMask = 2147483647;
			files = (
				B79326E529130A2200AAD916 /* DataService.swift in Sources */,
				B79326ED29130B0400AAD916 /* RecipeDetailView.swift in Sources */,
				B79326E929130A6800AAD916 /* RecipeModel.swift in Sources */,
				B79326EF29130B4200AAD916 /* RecipeFeaturedView.swift in Sources */,
				B79326EB29130ADA00AAD916 /* RecipeHighlights.swift in Sources */,
				B79326F329130B8100AAD916 /* RecipeTabView.swift in Sources */,
				B79326CF291308B600AAD916 /* CookBookApp.swift in Sources */,
				B79326F629130CA400AAD916 /* Rational.swift in Sources */,
				B79326F129130B6000AAD916 /* RecipeListView.swift in Sources */,
				B79326E729130A4200AAD916 /* Recipe.swift in Sources */,
			);
			runOnlyForDeploymentPostprocessing = 0;
		};
/* End PBXSourcesBuildPhase section */

/* Begin XCBuildConfiguration section */
		B79326D7291308BB00AAD916 /* Debug */ = {
			isa = XCBuildConfiguration;
			buildSettings = {
				ALWAYS_SEARCH_USER_PATHS = NO;
				CLANG_ANALYZER_NONNULL = YES;
				CLANG_ANALYZER_NUMBER_OBJECT_CONVERSION = YES_AGGRESSIVE;
				CLANG_CXX_LANGUAGE_STANDARD = "gnu++17";
				CLANG_ENABLE_MODULES = YES;
				CLANG_ENABLE_OBJC_ARC = YES;
				CLANG_ENABLE_OBJC_WEAK = YES;
				CLANG_WARN_BLOCK_CAPTURE_AUTORELEASING = YES;
				CLANG_WARN_BOOL_CONVERSION = YES;
				CLANG_WARN_COMMA = YES;
				CLANG_WARN_CONSTANT_CONVERSION = YES;
				CLANG_WARN_DEPRECATED_OBJC_IMPLEMENTATIONS = YES;
				CLANG_WARN_DIRECT_OBJC_ISA_USAGE = YES_ERROR;
				CLANG_WARN_DOCUMENTATION_COMMENTS = YES;
				CLANG_WARN_EMPTY_BODY = YES;
				CLANG_WARN_ENUM_CONVERSION = YES;
				CLANG_WARN_INFINITE_RECURSION = YES;
				CLANG_WARN_INT_CONVERSION = YES;
				CLANG_WARN_NON_LITERAL_NULL_CONVERSION = YES;
				CLANG_WARN_OBJC_IMPLICIT_RETAIN_SELF = YES;
				CLANG_WARN_OBJC_LITERAL_CONVERSION = YES;
				CLANG_WARN_OBJC_ROOT_CLASS = YES_ERROR;
				CLANG_WARN_QUOTED_INCLUDE_IN_FRAMEWORK_HEADER = YES;
				CLANG_WARN_RANGE_LOOP_ANALYSIS = YES;
				CLANG_WARN_STRICT_PROTOTYPES = YES;
				CLANG_WARN_SUSPICIOUS_MOVE = YES;
				CLANG_WARN_UNGUARDED_AVAILABILITY = YES_AGGRESSIVE;
				CLANG_WARN_UNREACHABLE_CODE = YES;
				CLANG_WARN__DUPLICATE_METHOD_MATCH = YES;
				COPY_PHASE_STRIP = NO;
				DEBUG_INFORMATION_FORMAT = dwarf;
				ENABLE_STRICT_OBJC_MSGSEND = YES;
				ENABLE_TESTABILITY = YES;
				GCC_C_LANGUAGE_STANDARD = gnu11;
				GCC_DYNAMIC_NO_PIC = NO;
				GCC_NO_COMMON_BLOCKS = YES;
				GCC_OPTIMIZATION_LEVEL = 0;
				GCC_PREPROCESSOR_DEFINITIONS = (
					"DEBUG=1",
					"$(inherited)",
				);
				GCC_WARN_64_TO_32_BIT_CONVERSION = YES;
				GCC_WARN_ABOUT_RETURN_TYPE = YES_ERROR;
				GCC_WARN_UNDECLARED_SELECTOR = YES;
				GCC_WARN_UNINITIALIZED_AUTOS = YES_AGGRESSIVE;
				GCC_WARN_UNUSED_FUNCTION = YES;
				GCC_WARN_UNUSED_VARIABLE = YES;
				IPHONEOS_DEPLOYMENT_TARGET = 15.5;
				MTL_ENABLE_DEBUG_INFO = INCLUDE_SOURCE;
				MTL_FAST_MATH = YES;
				ONLY_ACTIVE_ARCH = YES;
				SDKROOT = iphoneos;
				SWIFT_ACTIVE_COMPILATION_CONDITIONS = DEBUG;
				SWIFT_OPTIMIZATION_LEVEL = "-Onone";
			};
			name = Debug;
		};
		B79326D8291308BB00AAD916 /* Release */ = {
			isa = XCBuildConfiguration;
			buildSettings = {
				ALWAYS_SEARCH_USER_PATHS = NO;
				CLANG_ANALYZER_NONNULL = YES;
				CLANG_ANALYZER_NUMBER_OBJECT_CONVERSION = YES_AGGRESSIVE;
				CLANG_CXX_LANGUAGE_STANDARD = "gnu++17";
				CLANG_ENABLE_MODULES = YES;
				CLANG_ENABLE_OBJC_ARC = YES;
				CLANG_ENABLE_OBJC_WEAK = YES;
				CLANG_WARN_BLOCK_CAPTURE_AUTORELEASING = YES;
				CLANG_WARN_BOOL_CONVERSION = YES;
				CLANG_WARN_COMMA = YES;
				CLANG_WARN_CONSTANT_CONVERSION = YES;
				CLANG_WARN_DEPRECATED_OBJC_IMPLEMENTATIONS = YES;
				CLANG_WARN_DIRECT_OBJC_ISA_USAGE = YES_ERROR;
				CLANG_WARN_DOCUMENTATION_COMMENTS = YES;
				CLANG_WARN_EMPTY_BODY = YES;
				CLANG_WARN_ENUM_CONVERSION = YES;
				CLANG_WARN_INFINITE_RECURSION = YES;
				CLANG_WARN_INT_CONVERSION = YES;
				CLANG_WARN_NON_LITERAL_NULL_CONVERSION = YES;
				CLANG_WARN_OBJC_IMPLICIT_RETAIN_SELF = YES;
				CLANG_WARN_OBJC_LITERAL_CONVERSION = YES;
				CLANG_WARN_OBJC_ROOT_CLASS = YES_ERROR;
				CLANG_WARN_QUOTED_INCLUDE_IN_FRAMEWORK_HEADER = YES;
				CLANG_WARN_RANGE_LOOP_ANALYSIS = YES;
				CLANG_WARN_STRICT_PROTOTYPES = YES;
				CLANG_WARN_SUSPICIOUS_MOVE = YES;
				CLANG_WARN_UNGUARDED_AVAILABILITY = YES_AGGRESSIVE;
				CLANG_WARN_UNREACHABLE_CODE = YES;
				CLANG_WARN__DUPLICATE_METHOD_MATCH = YES;
				COPY_PHASE_STRIP = NO;
				DEBUG_INFORMATION_FORMAT = "dwarf-with-dsym";
				ENABLE_NS_ASSERTIONS = NO;
				ENABLE_STRICT_OBJC_MSGSEND = YES;
				GCC_C_LANGUAGE_STANDARD = gnu11;
				GCC_NO_COMMON_BLOCKS = YES;
				GCC_WARN_64_TO_32_BIT_CONVERSION = YES;
				GCC_WARN_ABOUT_RETURN_TYPE = YES_ERROR;
				GCC_WARN_UNDECLARED_SELECTOR = YES;
				GCC_WARN_UNINITIALIZED_AUTOS = YES_AGGRESSIVE;
				GCC_WARN_UNUSED_FUNCTION = YES;
				GCC_WARN_UNUSED_VARIABLE = YES;
				IPHONEOS_DEPLOYMENT_TARGET = 15.5;
				MTL_ENABLE_DEBUG_INFO = NO;
				MTL_FAST_MATH = YES;
				SDKROOT = iphoneos;
				SWIFT_COMPILATION_MODE = wholemodule;
				SWIFT_OPTIMIZATION_LEVEL = "-O";
				VALIDATE_PRODUCT = YES;
			};
			name = Release;
		};
		B79326DA291308BB00AAD916 /* Debug */ = {
			isa = XCBuildConfiguration;
			buildSettings = {
				ASSETCATALOG_COMPILER_APPICON_NAME = AppIcon;
				ASSETCATALOG_COMPILER_GLOBAL_ACCENT_COLOR_NAME = AccentColor;
				CODE_SIGN_STYLE = Automatic;
				CURRENT_PROJECT_VERSION = 1;
				DEVELOPMENT_ASSET_PATHS = "\"CookBook/Preview Content\"";
				DEVELOPMENT_TEAM = WNKZNZ5B7R;
				ENABLE_PREVIEWS = YES;
				GENERATE_INFOPLIST_FILE = YES;
				INFOPLIST_KEY_UIApplicationSceneManifest_Generation = YES;
				INFOPLIST_KEY_UIApplicationSupportsIndirectInputEvents = YES;
				INFOPLIST_KEY_UILaunchScreen_Generation = YES;
				INFOPLIST_KEY_UISupportedInterfaceOrientations_iPad = "UIInterfaceOrientationPortrait UIInterfaceOrientationPortraitUpsideDown UIInterfaceOrientationLandscapeLeft UIInterfaceOrientationLandscapeRight";
				INFOPLIST_KEY_UISupportedInterfaceOrientations_iPhone = "UIInterfaceOrientationPortrait UIInterfaceOrientationLandscapeLeft UIInterfaceOrientationLandscapeRight";
				LD_RUNPATH_SEARCH_PATHS = (
					"$(inherited)",
					"@executable_path/Frameworks",
				);
				MARKETING_VERSION = 1.0;
				PRODUCT_BUNDLE_IDENTIFIER = com.azamjb.CookBook;
				PRODUCT_NAME = "$(TARGET_NAME)";
				SWIFT_EMIT_LOC_STRINGS = YES;
				SWIFT_VERSION = 5.0;
				TARGETED_DEVICE_FAMILY = "1,2";
			};
			name = Debug;
		};
		B79326DB291308BB00AAD916 /* Release */ = {
			isa = XCBuildConfiguration;
			buildSettings = {
				ASSETCATALOG_COMPILER_APPICON_NAME = AppIcon;
				ASSETCATALOG_COMPILER_GLOBAL_ACCENT_COLOR_NAME = AccentColor;
				CODE_SIGN_STYLE = Automatic;
				CURRENT_PROJECT_VERSION = 1;
				DEVELOPMENT_ASSET_PATHS = "\"CookBook/Preview Content\"";
				DEVELOPMENT_TEAM = WNKZNZ5B7R;
				ENABLE_PREVIEWS = YES;
				GENERATE_INFOPLIST_FILE = YES;
				INFOPLIST_KEY_UIApplicationSceneManifest_Generation = YES;
				INFOPLIST_KEY_UIApplicationSupportsIndirectInputEvents = YES;
				INFOPLIST_KEY_UILaunchScreen_Generation = YES;
				INFOPLIST_KEY_UISupportedInterfaceOrientations_iPad = "UIInterfaceOrientationPortrait UIInterfaceOrientationPortraitUpsideDown UIInterfaceOrientationLandscapeLeft UIInterfaceOrientationLandscapeRight";
				INFOPLIST_KEY_UISupportedInterfaceOrientations_iPhone = "UIInterfaceOrientationPortrait UIInterfaceOrientationLandscapeLeft UIInterfaceOrientationLandscapeRight";
				LD_RUNPATH_SEARCH_PATHS = (
					"$(inherited)",
					"@executable_path/Frameworks",
				);
				MARKETING_VERSION = 1.0;
				PRODUCT_BUNDLE_IDENTIFIER = com.azamjb.CookBook;
				PRODUCT_NAME = "$(TARGET_NAME)";
				SWIFT_EMIT_LOC_STRINGS = YES;
				SWIFT_VERSION = 5.0;
				TARGETED_DEVICE_FAMILY = "1,2";
			};
			name = Release;
		};
/* End XCBuildConfiguration section */

/* Begin XCConfigurationList section */
		B79326C6291308B600AAD916 /* Build configuration list for PBXProject "CookBook" */ = {
			isa = XCConfigurationList;
			buildConfigurations = (
				B79326D7291308BB00AAD916 /* Debug */,
				B79326D8291308BB00AAD916 /* Release */,
			);
			defaultConfigurationIsVisible = 0;
			defaultConfigurationName = Release;
		};
		B79326D9291308BB00AAD916 /* Build configuration list for PBXNativeTarget "CookBook" */ = {
			isa = XCConfigurationList;
			buildConfigurations = (
				B79326DA291308BB00AAD916 /* Debug */,
				B79326DB291308BB00AAD916 /* Release */,
			);
			defaultConfigurationIsVisible = 0;
			defaultConfigurationName = Release;
		};
/* End XCConfigurationList section */
	};
	rootObject = B79326C3291308B600AAD916 /* Project object */;
}
